
Microsoft Visual Studio Solution File, Format Version 12.00
# Visual Studio Version 17
VisualStudioVersion = 17.0.32126.317
MinimumVisualStudioVersion = 10.0.40219.1
Project("{FAE04EC0-301F-11D3-BF4B-00C04F79EFBC}") = "Task1", "Task1\Task1.csproj", "{BC9DDB83-162E-4C5F-B859-C846E53DEB7C}"
EndProject
Global
	GlobalSection(SolutionConfigurationPlatforms) = preSolution
		Debug|Any CPU = Debug|Any CPU
		Release|Any CPU = Release|Any CPU
	EndGlobalSection
	GlobalSection(ProjectConfigurationPlatforms) = postSolution
		{BC9DDB83-162E-4C5F-B859-C846E53DEB7C}.Debug|Any CPU.ActiveCfg = Debug|Any CPU
		{BC9DDB83-162E-4C5F-B859-C846E53DEB7C}.Debug|Any CPU.Build.0 = Debug|Any CPU
		{BC9DDB83-162E-4C5F-B859-C846E53DEB7C}.Release|Any CPU.ActiveCfg = Release|Any CPU
		{BC9DDB83-162E-4C5F-B859-C846E53DEB7C}.Release|Any CPU.Build.0 = Release|Any CPU
	EndGlobalSection
	GlobalSection(SolutionProperties) = preSolution
		HideSolutionNode = FALSE
	EndGlobalSection
	GlobalSection(ExtensibilityGlobals) = postSolution
		SolutionGuid = {D396E836-72EA-4337-B0CB-939AD83BCDEE}
	EndGlobalSection
EndGlobal
